
Microsoft Visual Studio Solution File, Format Version 11.00
# Visual Studio 2010
Project("{FAE04EC0-301F-11D3-BF4B-00C04F79EFBC}") = "dbullet.core", "dbullet.core\dbullet.core.csproj", "{351EF12D-7E61-4BBA-877E-2ACBD1C65E33}"
EndProject
Project("{FAE04EC0-301F-11D3-BF4B-00C04F79EFBC}") = "dbullet.core.test", "dbullet.core.test\dbullet.core.test.csproj", "{D461446B-8933-4547-82EA-AAEE16EE89E0}"
EndProject
Project("{FAE04EC0-301F-11D3-BF4B-00C04F79EFBC}") = "dbullet.executor", "dbullet.executor\dbullet.executor.csproj", "{EF2086D4-18B1-47FA-96C9-4AE538F89CC7}"
EndProject
Project("{2150E333-8FDC-42A3-9474-1A3956D46DE8}") = "Solution Items", "Solution Items", "{3E440E41-B373-48DA-A0DF-20CE831E7398}"
	ProjectSection(SolutionItems) = preProject
		dbullet.0.2.0.nupkg = dbullet.0.2.0.nupkg
		Settings.StyleCop = Settings.StyleCop
	EndProjectSection
EndProject
Project("{FAE04EC0-301F-11D3-BF4B-00C04F79EFBC}") = "dbullet.core.test.mssql", "dbullet.core.test.mssql\dbullet.core.test.mssql.csproj", "{F3BB402D-C9A5-4E35-BCB2-E3F1EBF296E8}"
EndProject
Global
	GlobalSection(SolutionConfigurationPlatforms) = preSolution
		Debug|Any CPU = Debug|Any CPU
		Debug|Mixed Platforms = Debug|Mixed Platforms
		Debug|x86 = Debug|x86
		Release|Any CPU = Release|Any CPU
		Release|Mixed Platforms = Release|Mixed Platforms
		Release|x86 = Release|x86
	EndGlobalSection
	GlobalSection(ProjectConfigurationPlatforms) = postSolution
		{351EF12D-7E61-4BBA-877E-2ACBD1C65E33}.Debug|Any CPU.ActiveCfg = Debug|Any CPU
		{351EF12D-7E61-4BBA-877E-2ACBD1C65E33}.Debug|Any CPU.Build.0 = Debug|Any CPU
		{351EF12D-7E61-4BBA-877E-2ACBD1C65E33}.Debug|Mixed Platforms.ActiveCfg = Debug|Any CPU
		{351EF12D-7E61-4BBA-877E-2ACBD1C65E33}.Debug|Mixed Platforms.Build.0 = Debug|Any CPU
		{351EF12D-7E61-4BBA-877E-2ACBD1C65E33}.Debug|x86.ActiveCfg = Debug|Any CPU
		{351EF12D-7E61-4BBA-877E-2ACBD1C65E33}.Release|Any CPU.ActiveCfg = Release|Any CPU
		{351EF12D-7E61-4BBA-877E-2ACBD1C65E33}.Release|Any CPU.Build.0 = Release|Any CPU
		{351EF12D-7E61-4BBA-877E-2ACBD1C65E33}.Release|Mixed Platforms.ActiveCfg = Release|Any CPU
		{351EF12D-7E61-4BBA-877E-2ACBD1C65E33}.Release|Mixed Platforms.Build.0 = Release|Any CPU
		{351EF12D-7E61-4BBA-877E-2ACBD1C65E33}.Release|x86.ActiveCfg = Release|Any CPU
		{D461446B-8933-4547-82EA-AAEE16EE89E0}.Debug|Any CPU.ActiveCfg = Debug|Any CPU
		{D461446B-8933-4547-82EA-AAEE16EE89E0}.Debug|Any CPU.Build.0 = Debug|Any CPU
		{D461446B-8933-4547-82EA-AAEE16EE89E0}.Debug|Mixed Platforms.ActiveCfg = Debug|Any CPU
		{D461446B-8933-4547-82EA-AAEE16EE89E0}.Debug|Mixed Platforms.Build.0 = Debug|Any CPU
		{D461446B-8933-4547-82EA-AAEE16EE89E0}.Debug|x86.ActiveCfg = Debug|Any CPU
		{D461446B-8933-4547-82EA-AAEE16EE89E0}.Release|Any CPU.ActiveCfg = Release|Any CPU
		{D461446B-8933-4547-82EA-AAEE16EE89E0}.Release|Any CPU.Build.0 = Release|Any CPU
		{D461446B-8933-4547-82EA-AAEE16EE89E0}.Release|Mixed Platforms.ActiveCfg = Release|Any CPU
		{D461446B-8933-4547-82EA-AAEE16EE89E0}.Release|Mixed Platforms.Build.0 = Release|Any CPU
		{D461446B-8933-4547-82EA-AAEE16EE89E0}.Release|x86.ActiveCfg = Release|Any CPU
		{EF2086D4-18B1-47FA-96C9-4AE538F89CC7}.Debug|Any CPU.ActiveCfg = Debug|x86
		{EF2086D4-18B1-47FA-96C9-4AE538F89CC7}.Debug|Mixed Platforms.ActiveCfg = Debug|x86
		{EF2086D4-18B1-47FA-96C9-4AE538F89CC7}.Debug|Mixed Platforms.Build.0 = Debug|x86
		{EF2086D4-18B1-47FA-96C9-4AE538F89CC7}.Debug|x86.ActiveCfg = Debug|x86
		{EF2086D4-18B1-47FA-96C9-4AE538F89CC7}.Debug|x86.Build.0 = Debug|x86
		{EF2086D4-18B1-47FA-96C9-4AE538F89CC7}.Release|Any CPU.ActiveCfg = Release|x86
		{EF2086D4-18B1-47FA-96C9-4AE538F89CC7}.Release|Mixed Platforms.ActiveCfg = Release|x86
		{EF2086D4-18B1-47FA-96C9-4AE538F89CC7}.Release|Mixed Platforms.Build.0 = Release|x86
		{EF2086D4-18B1-47FA-96C9-4AE538F89CC7}.Release|x86.ActiveCfg = Release|x86
		{EF2086D4-18B1-47FA-96C9-4AE538F89CC7}.Release|x86.Build.0 = Release|x86
		{F3BB402D-C9A5-4E35-BCB2-E3F1EBF296E8}.Debug|Any CPU.ActiveCfg = Debug|Any CPU
		{F3BB402D-C9A5-4E35-BCB2-E3F1EBF296E8}.Debug|Any CPU.Build.0 = Debug|Any CPU
		{F3BB402D-C9A5-4E35-BCB2-E3F1EBF296E8}.Debug|Mixed Platforms.ActiveCfg = Debug|Any CPU
		{F3BB402D-C9A5-4E35-BCB2-E3F1EBF296E8}.Debug|Mixed Platforms.Build.0 = Debug|Any CPU
		{F3BB402D-C9A5-4E35-BCB2-E3F1EBF296E8}.Debug|x86.ActiveCfg = Debug|Any CPU
		{F3BB402D-C9A5-4E35-BCB2-E3F1EBF296E8}.Release|Any CPU.ActiveCfg = Release|Any CPU
		{F3BB402D-C9A5-4E35-BCB2-E3F1EBF296E8}.Release|Any CPU.Build.0 = Release|Any CPU
		{F3BB402D-C9A5-4E35-BCB2-E3F1EBF296E8}.Release|Mixed Platforms.ActiveCfg = Release|Any CPU
		{F3BB402D-C9A5-4E35-BCB2-E3F1EBF296E8}.Release|Mixed Platforms.Build.0 = Release|Any CPU
		{F3BB402D-C9A5-4E35-BCB2-E3F1EBF296E8}.Release|x86.ActiveCfg = Release|Any CPU
	EndGlobalSection
	GlobalSection(SolutionProperties) = preSolution
		HideSolutionNode = FALSE
	EndGlobalSection
EndGlobal
